
Microsoft Visual Studio Solution File, Format Version 12.00
# Visual Studio 15
VisualStudioVersion = 15.0.26403.7
MinimumVisualStudioVersion = 10.0.40219.1
Project("{FAE04EC0-301F-11D3-BF4B-00C04F79EFBC}") = "FizzBuzzTraditionalTDD", "FizzBuzzTraditionalTDD.csproj", "{4387D5BD-5DB7-422A-BB7D-F77BA5DD2FA2}"
EndProject
Project("{FAE04EC0-301F-11D3-BF4B-00C04F79EFBC}") = "Tests", "..\Tests\Tests.csproj", "{406F96EF-28E0-49A0-A535-E61FBE33267A}"
EndProject
Global
	GlobalSection(SolutionConfigurationPlatforms) = preSolution
		Debug|Any CPU = Debug|Any CPU
		Release|Any CPU = Release|Any CPU
	EndGlobalSection
	GlobalSection(ProjectConfigurationPlatforms) = postSolution
		{4387D5BD-5DB7-422A-BB7D-F77BA5DD2FA2}.Debug|Any CPU.ActiveCfg = Debug|Any CPU
		{4387D5BD-5DB7-422A-BB7D-F77BA5DD2FA2}.Debug|Any CPU.Build.0 = Debug|Any CPU
		{4387D5BD-5DB7-422A-BB7D-F77BA5DD2FA2}.Release|Any CPU.ActiveCfg = Release|Any CPU
		{4387D5BD-5DB7-422A-BB7D-F77BA5DD2FA2}.Release|Any CPU.Build.0 = Release|Any CPU
		{406F96EF-28E0-49A0-A535-E61FBE33267A}.Debug|Any CPU.ActiveCfg = Debug|Any CPU
		{406F96EF-28E0-49A0-A535-E61FBE33267A}.Debug|Any CPU.Build.0 = Debug|Any CPU
		{406F96EF-28E0-49A0-A535-E61FBE33267A}.Release|Any CPU.ActiveCfg = Release|Any CPU
		{406F96EF-28E0-49A0-A535-E61FBE33267A}.Release|Any CPU.Build.0 = Release|Any CPU
	EndGlobalSection
	GlobalSection(SolutionProperties) = preSolution
		HideSolutionNode = FALSE
	EndGlobalSection
EndGlobal
